
Microsoft Visual Studio Solution File, Format Version 12.00
# Visual Studio Version 17
VisualStudioVersion = 17.8.34511.84
MinimumVisualStudioVersion = 10.0.40219.1
Project("{FAE04EC0-301F-11D3-BF4B-00C04F79EFBC}") = "ejercicio2Datetime", "ejercicio2Datetime.csproj", "{3AE8EF3D-3505-4AE2-B48D-B79CD3726C09}"
EndProject
Global
	GlobalSection(SolutionConfigurationPlatforms) = preSolution
		Debug|Any CPU = Debug|Any CPU
		Release|Any CPU = Release|Any CPU
	EndGlobalSection
	GlobalSection(ProjectConfigurationPlatforms) = postSolution
		{3AE8EF3D-3505-4AE2-B48D-B79CD3726C09}.Debug|Any CPU.ActiveCfg = Debug|Any CPU
		{3AE8EF3D-3505-4AE2-B48D-B79CD3726C09}.Debug|Any CPU.Build.0 = Debug|Any CPU
		{3AE8EF3D-3505-4AE2-B48D-B79CD3726C09}.Release|Any CPU.ActiveCfg = Release|Any CPU
		{3AE8EF3D-3505-4AE2-B48D-B79CD3726C09}.Release|Any CPU.Build.0 = Release|Any CPU
	EndGlobalSection
	GlobalSection(SolutionProperties) = preSolution
		HideSolutionNode = FALSE
	EndGlobalSection
	GlobalSection(ExtensibilityGlobals) = postSolution
		SolutionGuid = {B866F7D6-D34A-4D4D-85F6-833E2C9502F8}
	EndGlobalSection
EndGlobal
